
Microsoft Visual Studio Solution File, Format Version 12.00
# Visual Studio Version 16
VisualStudioVersion = 16.0.31729.503
MinimumVisualStudioVersion = 10.0.40219.1
Project("{FAE04EC0-301F-11D3-BF4B-00C04F79EFBC}") = "ISRPO3", "ISRPO3\ISRPO3.csproj", "{AF4DFFFB-8BF8-4F33-9B39-9E475A59A1D0}"
EndProject
Global
	GlobalSection(SolutionConfigurationPlatforms) = preSolution
		Debug|Any CPU = Debug|Any CPU
		Release|Any CPU = Release|Any CPU
	EndGlobalSection
	GlobalSection(ProjectConfigurationPlatforms) = postSolution
		{AF4DFFFB-8BF8-4F33-9B39-9E475A59A1D0}.Debug|Any CPU.ActiveCfg = Debug|Any CPU
		{AF4DFFFB-8BF8-4F33-9B39-9E475A59A1D0}.Debug|Any CPU.Build.0 = Debug|Any CPU
		{AF4DFFFB-8BF8-4F33-9B39-9E475A59A1D0}.Release|Any CPU.ActiveCfg = Release|Any CPU
		{AF4DFFFB-8BF8-4F33-9B39-9E475A59A1D0}.Release|Any CPU.Build.0 = Release|Any CPU
	EndGlobalSection
	GlobalSection(SolutionProperties) = preSolution
		HideSolutionNode = FALSE
	EndGlobalSection
	GlobalSection(ExtensibilityGlobals) = postSolution
		SolutionGuid = {020A0E23-9734-4CBF-9EA1-1D953B1F81D9}
	EndGlobalSection
EndGlobal
